
Microsoft Visual Studio Solution File, Format Version 12.00
# Visual Studio Version 16
VisualStudioVersion = 16.0.30804.86
MinimumVisualStudioVersion = 10.0.40219.1
Project("{9A19103F-16F7-4668-BE54-9A1E7A4F7556}") = "WeatherHistoryViewer.Web", "WeatherHistoryViewer.Web\WeatherHistoryViewer.Web.csproj", "{FBCA8219-FE42-4466-AD3D-4CE967B828B8}"
EndProject
Project("{9A19103F-16F7-4668-BE54-9A1E7A4F7556}") = "WeatherHistoryViewer.Data", "WeatherHistoryViewer.Data\WeatherHistoryViewer.Data.csproj", "{4922F56F-DED5-4DA9-8CEE-921021B1AA56}"
EndProject
Global
	GlobalSection(SolutionConfigurationPlatforms) = preSolution
		Debug|Any CPU = Debug|Any CPU
		Release|Any CPU = Release|Any CPU
	EndGlobalSection
	GlobalSection(ProjectConfigurationPlatforms) = postSolution
		{FBCA8219-FE42-4466-AD3D-4CE967B828B8}.Debug|Any CPU.ActiveCfg = Debug|Any CPU
		{FBCA8219-FE42-4466-AD3D-4CE967B828B8}.Debug|Any CPU.Build.0 = Debug|Any CPU
		{FBCA8219-FE42-4466-AD3D-4CE967B828B8}.Release|Any CPU.ActiveCfg = Release|Any CPU
		{FBCA8219-FE42-4466-AD3D-4CE967B828B8}.Release|Any CPU.Build.0 = Release|Any CPU
		{4922F56F-DED5-4DA9-8CEE-921021B1AA56}.Debug|Any CPU.ActiveCfg = Debug|Any CPU
		{4922F56F-DED5-4DA9-8CEE-921021B1AA56}.Debug|Any CPU.Build.0 = Debug|Any CPU
		{4922F56F-DED5-4DA9-8CEE-921021B1AA56}.Release|Any CPU.ActiveCfg = Release|Any CPU
		{4922F56F-DED5-4DA9-8CEE-921021B1AA56}.Release|Any CPU.Build.0 = Release|Any CPU
	EndGlobalSection
	GlobalSection(SolutionProperties) = preSolution
		HideSolutionNode = FALSE
	EndGlobalSection
	GlobalSection(ExtensibilityGlobals) = postSolution
		SolutionGuid = {0574DAD8-93FE-4548-86A6-173281A1A322}
	EndGlobalSection
EndGlobal
