
Microsoft Visual Studio Solution File, Format Version 12.00
# Visual Studio Version 16
VisualStudioVersion = 16.0.30523.141
MinimumVisualStudioVersion = 10.0.40219.1
Project("{FAE04EC0-301F-11D3-BF4B-00C04F79EFBC}") = "Calculator4_accessible", "Calculator4_accessible\Calculator4_accessible.csproj", "{56EDE93C-E2AE-484F-BAD0-0E1EB4CBF186}"
EndProject
Global
	GlobalSection(SolutionConfigurationPlatforms) = preSolution
		Debug|Any CPU = Debug|Any CPU
		Release|Any CPU = Release|Any CPU
	EndGlobalSection
	GlobalSection(ProjectConfigurationPlatforms) = postSolution
		{56EDE93C-E2AE-484F-BAD0-0E1EB4CBF186}.Debug|Any CPU.ActiveCfg = Debug|Any CPU
		{56EDE93C-E2AE-484F-BAD0-0E1EB4CBF186}.Debug|Any CPU.Build.0 = Debug|Any CPU
		{56EDE93C-E2AE-484F-BAD0-0E1EB4CBF186}.Release|Any CPU.ActiveCfg = Release|Any CPU
		{56EDE93C-E2AE-484F-BAD0-0E1EB4CBF186}.Release|Any CPU.Build.0 = Release|Any CPU
	EndGlobalSection
	GlobalSection(SolutionProperties) = preSolution
		HideSolutionNode = FALSE
	EndGlobalSection
	GlobalSection(ExtensibilityGlobals) = postSolution
		SolutionGuid = {6DD0D283-8D31-49B5-9310-FD003F82F0A6}
	EndGlobalSection
EndGlobal
