
Microsoft Visual Studio Solution File, Format Version 12.00
# Visual Studio Version 16
VisualStudioVersion = 16.0.30611.23
MinimumVisualStudioVersion = 10.0.40219.1
Project("{9A19103F-16F7-4668-BE54-9A1E7A4F7556}") = "HarborSim", "HarborSim\HarborSim.csproj", "{49AA72C9-AB23-4FAD-96B5-9C0511B67B44}"
EndProject
Project("{9A19103F-16F7-4668-BE54-9A1E7A4F7556}") = "HarborLib", "HarborLib\HarborLib.csproj", "{F5F5F9EF-E76C-4D71-AB4D-EF8538D19837}"
EndProject
Global
	GlobalSection(SolutionConfigurationPlatforms) = preSolution
		Debug|Any CPU = Debug|Any CPU
		Release|Any CPU = Release|Any CPU
	EndGlobalSection
	GlobalSection(ProjectConfigurationPlatforms) = postSolution
		{49AA72C9-AB23-4FAD-96B5-9C0511B67B44}.Debug|Any CPU.ActiveCfg = Debug|Any CPU
		{49AA72C9-AB23-4FAD-96B5-9C0511B67B44}.Debug|Any CPU.Build.0 = Debug|Any CPU
		{49AA72C9-AB23-4FAD-96B5-9C0511B67B44}.Release|Any CPU.ActiveCfg = Release|Any CPU
		{49AA72C9-AB23-4FAD-96B5-9C0511B67B44}.Release|Any CPU.Build.0 = Release|Any CPU
		{F5F5F9EF-E76C-4D71-AB4D-EF8538D19837}.Debug|Any CPU.ActiveCfg = Debug|Any CPU
		{F5F5F9EF-E76C-4D71-AB4D-EF8538D19837}.Debug|Any CPU.Build.0 = Debug|Any CPU
		{F5F5F9EF-E76C-4D71-AB4D-EF8538D19837}.Release|Any CPU.ActiveCfg = Release|Any CPU
		{F5F5F9EF-E76C-4D71-AB4D-EF8538D19837}.Release|Any CPU.Build.0 = Release|Any CPU
	EndGlobalSection
	GlobalSection(SolutionProperties) = preSolution
		HideSolutionNode = FALSE
	EndGlobalSection
	GlobalSection(ExtensibilityGlobals) = postSolution
		SolutionGuid = {C41842B4-21BE-46B0-A57B-79BEF0DE24D9}
	EndGlobalSection
EndGlobal
